
Microsoft Visual Studio Solution File, Format Version 12.00
# Visual Studio 15
VisualStudioVersion = 15.0.26730.15
MinimumVisualStudioVersion = 10.0.40219.1
Project("{FAE04EC0-301F-11D3-BF4B-00C04F79EFBC}") = "DroneLander.Android", "DroneLander\DroneLander.Android\DroneLander.Android.csproj", "{41BB4DF9-DF2A-4867-B85A-042DDE586BEB}"
EndProject
Project("{FAE04EC0-301F-11D3-BF4B-00C04F79EFBC}") = "DroneLander", "DroneLander\DroneLander\DroneLander.csproj", "{95241E6F-4B55-4834-A5AE-359256376869}"
EndProject
Project("{FAE04EC0-301F-11D3-BF4B-00C04F79EFBC}") = "DroneLander.UWP", "DroneLander\DroneLander.UWP\DroneLander.UWP.csproj", "{6A9E5289-D49B-49C9-8819-30BA2DBFBFF9}"
EndProject
Project("{FAE04EC0-301F-11D3-BF4B-00C04F79EFBC}") = "DroneLander.iOS", "DroneLander\DroneLander.iOS\DroneLander.iOS.csproj", "{498CD07C-4EA1-4F47-822C-68483D15A208}"
EndProject
Global
	GlobalSection(SolutionConfigurationPlatforms) = preSolution
		Ad-Hoc|Any CPU = Ad-Hoc|Any CPU
		Ad-Hoc|ARM = Ad-Hoc|ARM
		Ad-Hoc|iPhone = Ad-Hoc|iPhone
		Ad-Hoc|iPhoneSimulator = Ad-Hoc|iPhoneSimulator
		Ad-Hoc|x64 = Ad-Hoc|x64
		Ad-Hoc|x86 = Ad-Hoc|x86
		AppStore|Any CPU = AppStore|Any CPU
		AppStore|ARM = AppStore|ARM
		AppStore|iPhone = AppStore|iPhone
		AppStore|iPhoneSimulator = AppStore|iPhoneSimulator
		AppStore|x64 = AppStore|x64
		AppStore|x86 = AppStore|x86
		Debug|Any CPU = Debug|Any CPU
		Debug|ARM = Debug|ARM
		Debug|iPhone = Debug|iPhone
		Debug|iPhoneSimulator = Debug|iPhoneSimulator
		Debug|x64 = Debug|x64
		Debug|x86 = Debug|x86
		Release|Any CPU = Release|Any CPU
		Release|ARM = Release|ARM
		Release|iPhone = Release|iPhone
		Release|iPhoneSimulator = Release|iPhoneSimulator
		Release|x64 = Release|x64
		Release|x86 = Release|x86
	EndGlobalSection
	GlobalSection(ProjectConfigurationPlatforms) = postSolution
		{41BB4DF9-DF2A-4867-B85A-042DDE586BEB}.Ad-Hoc|Any CPU.ActiveCfg = Release|Any CPU
		{41BB4DF9-DF2A-4867-B85A-042DDE586BEB}.Ad-Hoc|Any CPU.Build.0 = Release|Any CPU
		{41BB4DF9-DF2A-4867-B85A-042DDE586BEB}.Ad-Hoc|Any CPU.Deploy.0 = Release|Any CPU
		{41BB4DF9-DF2A-4867-B85A-042DDE586BEB}.Ad-Hoc|ARM.ActiveCfg = Release|Any CPU
		{41BB4DF9-DF2A-4867-B85A-042DDE586BEB}.Ad-Hoc|ARM.Build.0 = Release|Any CPU
		{41BB4DF9-DF2A-4867-B85A-042DDE586BEB}.Ad-Hoc|ARM.Deploy.0 = Release|Any CPU
		{41BB4DF9-DF2A-4867-B85A-042DDE586BEB}.Ad-Hoc|iPhone.ActiveCfg = Release|Any CPU
		{41BB4DF9-DF2A-4867-B85A-042DDE586BEB}.Ad-Hoc|iPhone.Build.0 = Release|Any CPU
		{41BB4DF9-DF2A-4867-B85A-042DDE586BEB}.Ad-Hoc|iPhone.Deploy.0 = Release|Any CPU
		{41BB4DF9-DF2A-4867-B85A-042DDE586BEB}.Ad-Hoc|iPhoneSimulator.ActiveCfg = Release|Any CPU
		{41BB4DF9-DF2A-4867-B85A-042DDE586BEB}.Ad-Hoc|iPhoneSimulator.Build.0 = Release|Any CPU
		{41BB4DF9-DF2A-4867-B85A-042DDE586BEB}.Ad-Hoc|iPhoneSimulator.Deploy.0 = Release|Any CPU
		{41BB4DF9-DF2A-4867-B85A-042DDE586BEB}.Ad-Hoc|x64.ActiveCfg = Release|Any CPU
		{41BB4DF9-DF2A-4867-B85A-042DDE586BEB}.Ad-Hoc|x64.Build.0 = Release|Any CPU
		{41BB4DF9-DF2A-4867-B85A-042DDE586BEB}.Ad-Hoc|x64.Deploy.0 = Release|Any CPU
		{41BB4DF9-DF2A-4867-B85A-042DDE586BEB}.Ad-Hoc|x86.ActiveCfg = Release|Any CPU
		{41BB4DF9-DF2A-4867-B85A-042DDE586BEB}.Ad-Hoc|x86.Build.0 = Release|Any CPU
		{41BB4DF9-DF2A-4867-B85A-042DDE586BEB}.Ad-Hoc|x86.Deploy.0 = Release|Any CPU
		{41BB4DF9-DF2A-4867-B85A-042DDE586BEB}.AppStore|Any CPU.ActiveCfg = Release|Any CPU
		{41BB4DF9-DF2A-4867-B85A-042DDE586BEB}.AppStore|Any CPU.Build.0 = Release|Any CPU
		{41BB4DF9-DF2A-4867-B85A-042DDE586BEB}.AppStore|Any CPU.Deploy.0 = Release|Any CPU
		{41BB4DF9-DF2A-4867-B85A-042DDE586BEB}.AppStore|ARM.ActiveCfg = Release|Any CPU
		{41BB4DF9-DF2A-4867-B85A-042DDE586BEB}.AppStore|ARM.Build.0 = Release|Any CPU
		{41BB4DF9-DF2A-4867-B85A-042DDE586BEB}.AppStore|ARM.Deploy.0 = Release|Any CPU
		{41BB4DF9-DF2A-4867-B85A-042DDE586BEB}.AppStore|iPhone.ActiveCfg = Release|Any CPU
		{41BB4DF9-DF2A-4867-B85A-042DDE586BEB}.AppStore|iPhone.Build.0 = Release|Any CPU
		{41BB4DF9-DF2A-4867-B85A-042DDE586BEB}.AppStore|iPhone.Deploy.0 = Release|Any CPU
		{41BB4DF9-DF2A-4867-B85A-042DDE586BEB}.AppStore|iPhoneSimulator.ActiveCfg = Release|Any CPU
		{41BB4DF9-DF2A-4867-B85A-042DDE586BEB}.AppStore|iPhoneSimulator.Build.0 = Release|Any CPU
		{41BB4DF9-DF2A-4867-B85A-042DDE586BEB}.AppStore|iPhoneSimulator.Deploy.0 = Release|Any CPU
		{41BB4DF9-DF2A-4867-B85A-042DDE586BEB}.AppStore|x64.ActiveCfg = Release|Any CPU
		{41BB4DF9-DF2A-4867-B85A-042DDE586BEB}.AppStore|x64.Build.0 = Release|Any CPU
		{41BB4DF9-DF2A-4867-B85A-042DDE586BEB}.AppStore|x64.Deploy.0 = Release|Any CPU
		{41BB4DF9-DF2A-4867-B85A-042DDE586BEB}.AppStore|x86.ActiveCfg = Release|Any CPU
		{41BB4DF9-DF2A-4867-B85A-042DDE586BEB}.AppStore|x86.Build.0 = Release|Any CPU
		{41BB4DF9-DF2A-4867-B85A-042DDE586BEB}.AppStore|x86.Deploy.0 = Release|Any CPU
		{41BB4DF9-DF2A-4867-B85A-042DDE586BEB}.Debug|Any CPU.ActiveCfg = Debug|Any CPU
		{41BB4DF9-DF2A-4867-B85A-042DDE586BEB}.Debug|Any CPU.Build.0 = Debug|Any CPU
		{41BB4DF9-DF2A-4867-B85A-042DDE586BEB}.Debug|Any CPU.Deploy.0 = Debug|Any CPU
		{41BB4DF9-DF2A-4867-B85A-042DDE586BEB}.Debug|ARM.ActiveCfg = Debug|Any CPU
		{41BB4DF9-DF2A-4867-B85A-042DDE586BEB}.Debug|ARM.Build.0 = Debug|Any CPU
		{41BB4DF9-DF2A-4867-B85A-042DDE586BEB}.Debug|ARM.Deploy.0 = Debug|Any CPU
		{41BB4DF9-DF2A-4867-B85A-042DDE586BEB}.Debug|iPhone.ActiveCfg = Debug|Any CPU
		{41BB4DF9-DF2A-4867-B85A-042DDE586BEB}.Debug|iPhone.Build.0 = Debug|Any CPU
		{41BB4DF9-DF2A-4867-B85A-042DDE586BEB}.Debug|iPhone.Deploy.0 = Debug|Any CPU
		{41BB4DF9-DF2A-4867-B85A-042DDE586BEB}.Debug|iPhoneSimulator.ActiveCfg = Debug|Any CPU
		{41BB4DF9-DF2A-4867-B85A-042DDE586BEB}.Debug|iPhoneSimulator.Build.0 = Debug|Any CPU
		{41BB4DF9-DF2A-4867-B85A-042DDE586BEB}.Debug|iPhoneSimulator.Deploy.0 = Debug|Any CPU
		{41BB4DF9-DF2A-4867-B85A-042DDE586BEB}.Debug|x64.ActiveCfg = Debug|Any CPU
		{41BB4DF9-DF2A-4867-B85A-042DDE586BEB}.Debug|x64.Build.0 = Debug|Any CPU
		{41BB4DF9-DF2A-4867-B85A-042DDE586BEB}.Debug|x64.Deploy.0 = Debug|Any CPU
		{41BB4DF9-DF2A-4867-B85A-042DDE586BEB}.Debug|x86.ActiveCfg = Debug|Any CPU
		{41BB4DF9-DF2A-4867-B85A-042DDE586BEB}.Debug|x86.Build.0 = Debug|Any CPU
		{41BB4DF9-DF2A-4867-B85A-042DDE586BEB}.Debug|x86.Deploy.0 = Debug|Any CPU
		{41BB4DF9-DF2A-4867-B85A-042DDE586BEB}.Release|Any CPU.ActiveCfg = Release|Any CPU
		{41BB4DF9-DF2A-4867-B85A-042DDE586BEB}.Release|Any CPU.Build.0 = Release|Any CPU
		{41BB4DF9-DF2A-4867-B85A-042DDE586BEB}.Release|Any CPU.Deploy.0 = Release|Any CPU
		{41BB4DF9-DF2A-4867-B85A-042DDE586BEB}.Release|ARM.ActiveCfg = Release|Any CPU
		{41BB4DF9-DF2A-4867-B85A-042DDE586BEB}.Release|ARM.Build.0 = Release|Any CPU
		{41BB4DF9-DF2A-4867-B85A-042DDE586BEB}.Release|ARM.Deploy.0 = Release|Any CPU
		{41BB4DF9-DF2A-4867-B85A-042DDE586BEB}.Release|iPhone.ActiveCfg = Release|Any CPU
		{41BB4DF9-DF2A-4867-B85A-042DDE586BEB}.Release|iPhone.Build.0 = Release|Any CPU
		{41BB4DF9-DF2A-4867-B85A-042DDE586BEB}.Release|iPhone.Deploy.0 = Release|Any CPU
		{41BB4DF9-DF2A-4867-B85A-042DDE586BEB}.Release|iPhoneSimulator.ActiveCfg = Release|Any CPU
		{41BB4DF9-DF2A-4867-B85A-042DDE586BEB}.Release|iPhoneSimulator.Build.0 = Release|Any CPU
		{41BB4DF9-DF2A-4867-B85A-042DDE586BEB}.Release|iPhoneSimulator.Deploy.0 = Release|Any CPU
		{41BB4DF9-DF2A-4867-B85A-042DDE586BEB}.Release|x64.ActiveCfg = Release|Any CPU
		{41BB4DF9-DF2A-4867-B85A-042DDE586BEB}.Release|x64.Build.0 = Release|Any CPU
		{41BB4DF9-DF2A-4867-B85A-042DDE586BEB}.Release|x64.Deploy.0 = Release|Any CPU
		{41BB4DF9-DF2A-4867-B85A-042DDE586BEB}.Release|x86.ActiveCfg = Release|Any CPU
		{41BB4DF9-DF2A-4867-B85A-042DDE586BEB}.Release|x86.Build.0 = Release|Any CPU
		{41BB4DF9-DF2A-4867-B85A-042DDE586BEB}.Release|x86.Deploy.0 = Release|Any CPU
		{95241E6F-4B55-4834-A5AE-359256376869}.Ad-Hoc|Any CPU.ActiveCfg = Release|Any CPU
		{95241E6F-4B55-4834-A5AE-359256376869}.Ad-Hoc|Any CPU.Build.0 = Release|Any CPU
		{95241E6F-4B55-4834-A5AE-359256376869}.Ad-Hoc|ARM.ActiveCfg = Release|Any CPU
		{95241E6F-4B55-4834-A5AE-359256376869}.Ad-Hoc|ARM.Build.0 = Release|Any CPU
		{95241E6F-4B55-4834-A5AE-359256376869}.Ad-Hoc|iPhone.ActiveCfg = Release|Any CPU
		{95241E6F-4B55-4834-A5AE-359256376869}.Ad-Hoc|iPhone.Build.0 = Release|Any CPU
		{95241E6F-4B55-4834-A5AE-359256376869}.Ad-Hoc|iPhoneSimulator.ActiveCfg = Release|Any CPU
		{95241E6F-4B55-4834-A5AE-359256376869}.Ad-Hoc|iPhoneSimulator.Build.0 = Release|Any CPU
		{95241E6F-4B55-4834-A5AE-359256376869}.Ad-Hoc|x64.ActiveCfg = Release|Any CPU
		{95241E6F-4B55-4834-A5AE-359256376869}.Ad-Hoc|x64.Build.0 = Release|Any CPU
		{95241E6F-4B55-4834-A5AE-359256376869}.Ad-Hoc|x86.ActiveCfg = Release|Any CPU
		{95241E6F-4B55-4834-A5AE-359256376869}.Ad-Hoc|x86.Build.0 = Release|Any CPU
		{95241E6F-4B55-4834-A5AE-359256376869}.AppStore|Any CPU.ActiveCfg = Release|Any CPU
		{95241E6F-4B55-4834-A5AE-359256376869}.AppStore|Any CPU.Build.0 = Release|Any CPU
		{95241E6F-4B55-4834-A5AE-359256376869}.AppStore|ARM.ActiveCfg = Release|Any CPU
		{95241E6F-4B55-4834-A5AE-359256376869}.AppStore|ARM.Build.0 = Release|Any CPU
		{95241E6F-4B55-4834-A5AE-359256376869}.AppStore|iPhone.ActiveCfg = Release|Any CPU
		{95241E6F-4B55-4834-A5AE-359256376869}.AppStore|iPhone.Build.0 = Release|Any CPU
		{95241E6F-4B55-4834-A5AE-359256376869}.AppStore|iPhoneSimulator.ActiveCfg = Release|Any CPU
		{95241E6F-4B55-4834-A5AE-359256376869}.AppStore|iPhoneSimulator.Build.0 = Release|Any CPU
		{95241E6F-4B55-4834-A5AE-359256376869}.AppStore|x64.ActiveCfg = Release|Any CPU
		{95241E6F-4B55-4834-A5AE-359256376869}.AppStore|x64.Build.0 = Release|Any CPU
		{95241E6F-4B55-4834-A5AE-359256376869}.AppStore|x86.ActiveCfg = Release|Any CPU
		{95241E6F-4B55-4834-A5AE-359256376869}.AppStore|x86.Build.0 = Release|Any CPU
		{95241E6F-4B55-4834-A5AE-359256376869}.Debug|Any CPU.ActiveCfg = Debug|Any CPU
		{95241E6F-4B55-4834-A5AE-359256376869}.Debug|Any CPU.Build.0 = Debug|Any CPU
		{95241E6F-4B55-4834-A5AE-359256376869}.Debug|ARM.ActiveCfg = Debug|Any CPU
		{95241E6F-4B55-4834-A5AE-359256376869}.Debug|ARM.Build.0 = Debug|Any CPU
		{95241E6F-4B55-4834-A5AE-359256376869}.Debug|iPhone.ActiveCfg = Debug|Any CPU
		{95241E6F-4B55-4834-A5AE-359256376869}.Debug|iPhone.Build.0 = Debug|Any CPU
		{95241E6F-4B55-4834-A5AE-359256376869}.Debug|iPhoneSimulator.ActiveCfg = Debug|Any CPU
		{95241E6F-4B55-4834-A5AE-359256376869}.Debug|iPhoneSimulator.Build.0 = Debug|Any CPU
		{95241E6F-4B55-4834-A5AE-359256376869}.Debug|x64.ActiveCfg = Debug|Any CPU
		{95241E6F-4B55-4834-A5AE-359256376869}.Debug|x64.Build.0 = Debug|Any CPU
		{95241E6F-4B55-4834-A5AE-359256376869}.Debug|x86.ActiveCfg = Debug|Any CPU
		{95241E6F-4B55-4834-A5AE-359256376869}.Debug|x86.Build.0 = Debug|Any CPU
		{95241E6F-4B55-4834-A5AE-359256376869}.Release|Any CPU.ActiveCfg = Release|Any CPU
		{95241E6F-4B55-4834-A5AE-359256376869}.Release|Any CPU.Build.0 = Release|Any CPU
		{95241E6F-4B55-4834-A5AE-359256376869}.Release|ARM.ActiveCfg = Release|Any CPU
		{95241E6F-4B55-4834-A5AE-359256376869}.Release|ARM.Build.0 = Release|Any CPU
		{95241E6F-4B55-4834-A5AE-359256376869}.Release|iPhone.ActiveCfg = Release|Any CPU
		{95241E6F-4B55-4834-A5AE-359256376869}.Release|iPhone.Build.0 = Release|Any CPU
		{95241E6F-4B55-4834-A5AE-359256376869}.Release|iPhoneSimulator.ActiveCfg = Release|Any CPU
		{95241E6F-4B55-4834-A5AE-359256376869}.Release|iPhoneSimulator.Build.0 = Release|Any CPU
		{95241E6F-4B55-4834-A5AE-359256376869}.Release|x64.ActiveCfg = Release|Any CPU
		{95241E6F-4B55-4834-A5AE-359256376869}.Release|x64.Build.0 = Release|Any CPU
		{95241E6F-4B55-4834-A5AE-359256376869}.Release|x86.ActiveCfg = Release|Any CPU
		{95241E6F-4B55-4834-A5AE-359256376869}.Release|x86.Build.0 = Release|Any CPU
		{6A9E5289-D49B-49C9-8819-30BA2DBFBFF9}.Ad-Hoc|Any CPU.ActiveCfg = Release|x86
		{6A9E5289-D49B-49C9-8819-30BA2DBFBFF9}.Ad-Hoc|Any CPU.Build.0 = Release|x86
		{6A9E5289-D49B-49C9-8819-30BA2DBFBFF9}.Ad-Hoc|Any CPU.Deploy.0 = Release|x86
		{6A9E5289-D49B-49C9-8819-30BA2DBFBFF9}.Ad-Hoc|ARM.ActiveCfg = Release|ARM
		{6A9E5289-D49B-49C9-8819-30BA2DBFBFF9}.Ad-Hoc|ARM.Build.0 = Release|ARM
		{6A9E5289-D49B-49C9-8819-30BA2DBFBFF9}.Ad-Hoc|ARM.Deploy.0 = Release|ARM
		{6A9E5289-D49B-49C9-8819-30BA2DBFBFF9}.Ad-Hoc|iPhone.ActiveCfg = Release|x86
		{6A9E5289-D49B-49C9-8819-30BA2DBFBFF9}.Ad-Hoc|iPhone.Build.0 = Release|x86
		{6A9E5289-D49B-49C9-8819-30BA2DBFBFF9}.Ad-Hoc|iPhone.Deploy.0 = Release|x86
		{6A9E5289-D49B-49C9-8819-30BA2DBFBFF9}.Ad-Hoc|iPhoneSimulator.ActiveCfg = Release|x86
		{6A9E5289-D49B-49C9-8819-30BA2DBFBFF9}.Ad-Hoc|iPhoneSimulator.Build.0 = Release|x86
		{6A9E5289-D49B-49C9-8819-30BA2DBFBFF9}.Ad-Hoc|iPhoneSimulator.Deploy.0 = Release|x86
		{6A9E5289-D49B-49C9-8819-30BA2DBFBFF9}.Ad-Hoc|x64.ActiveCfg = Release|x64
		{6A9E5289-D49B-49C9-8819-30BA2DBFBFF9}.Ad-Hoc|x64.Build.0 = Release|x64
		{6A9E5289-D49B-49C9-8819-30BA2DBFBFF9}.Ad-Hoc|x64.Deploy.0 = Release|x64
		{6A9E5289-D49B-49C9-8819-30BA2DBFBFF9}.Ad-Hoc|x86.ActiveCfg = Release|x86
		{6A9E5289-D49B-49C9-8819-30BA2DBFBFF9}.Ad-Hoc|x86.Build.0 = Release|x86
		{6A9E5289-D49B-49C9-8819-30BA2DBFBFF9}.Ad-Hoc|x86.Deploy.0 = Release|x86
		{6A9E5289-D49B-49C9-8819-30BA2DBFBFF9}.AppStore|Any CPU.ActiveCfg = Release|x86
		{6A9E5289-D49B-49C9-8819-30BA2DBFBFF9}.AppStore|Any CPU.Build.0 = Release|x86
		{6A9E5289-D49B-49C9-8819-30BA2DBFBFF9}.AppStore|Any CPU.Deploy.0 = Release|x86
		{6A9E5289-D49B-49C9-8819-30BA2DBFBFF9}.AppStore|ARM.ActiveCfg = Release|ARM
		{6A9E5289-D49B-49C9-8819-30BA2DBFBFF9}.AppStore|ARM.Build.0 = Release|ARM
		{6A9E5289-D49B-49C9-8819-30BA2DBFBFF9}.AppStore|ARM.Deploy.0 = Release|ARM
		{6A9E5289-D49B-49C9-8819-30BA2DBFBFF9}.AppStore|iPhone.ActiveCfg = Release|x86
		{6A9E5289-D49B-49C9-8819-30BA2DBFBFF9}.AppStore|iPhone.Build.0 = Release|x86
		{6A9E5289-D49B-49C9-8819-30BA2DBFBFF9}.AppStore|iPhone.Deploy.0 = Release|x86
		{6A9E5289-D49B-49C9-8819-30BA2DBFBFF9}.AppStore|iPhoneSimulator.ActiveCfg = Release|x86
		{6A9E5289-D49B-49C9-8819-30BA2DBFBFF9}.AppStore|iPhoneSimulator.Build.0 = Release|x86
		{6A9E5289-D49B-49C9-8819-30BA2DBFBFF9}.AppStore|iPhoneSimulator.Deploy.0 = Release|x86
		{6A9E5289-D49B-49C9-8819-30BA2DBFBFF9}.AppStore|x64.ActiveCfg = Release|x64
		{6A9E5289-D49B-49C9-8819-30BA2DBFBFF9}.AppStore|x64.Build.0 = Release|x64
		{6A9E5289-D49B-49C9-8819-30BA2DBFBFF9}.AppStore|x64.Deploy.0 = Release|x64
		{6A9E5289-D49B-49C9-8819-30BA2DBFBFF9}.AppStore|x86.ActiveCfg = Release|x86
		{6A9E5289-D49B-49C9-8819-30BA2DBFBFF9}.AppStore|x86.Build.0 = Release|x86
		{6A9E5289-D49B-49C9-8819-30BA2DBFBFF9}.AppStore|x86.Deploy.0 = Release|x86
		{6A9E5289-D49B-49C9-8819-30BA2DBFBFF9}.Debug|Any CPU.ActiveCfg = Debug|x86
		{6A9E5289-D49B-49C9-8819-30BA2DBFBFF9}.Debug|ARM.ActiveCfg = Debug|ARM
		{6A9E5289-D49B-49C9-8819-30BA2DBFBFF9}.Debug|ARM.Build.0 = Debug|ARM
		{6A9E5289-D49B-49C9-8819-30BA2DBFBFF9}.Debug|ARM.Deploy.0 = Debug|ARM
		{6A9E5289-D49B-49C9-8819-30BA2DBFBFF9}.Debug|iPhone.ActiveCfg = Debug|x86
		{6A9E5289-D49B-49C9-8819-30BA2DBFBFF9}.Debug|iPhoneSimulator.ActiveCfg = Debug|x86
		{6A9E5289-D49B-49C9-8819-30BA2DBFBFF9}.Debug|x64.ActiveCfg = Debug|x64
		{6A9E5289-D49B-49C9-8819-30BA2DBFBFF9}.Debug|x64.Build.0 = Debug|x64
		{6A9E5289-D49B-49C9-8819-30BA2DBFBFF9}.Debug|x64.Deploy.0 = Debug|x64
		{6A9E5289-D49B-49C9-8819-30BA2DBFBFF9}.Debug|x86.ActiveCfg = Debug|x86
		{6A9E5289-D49B-49C9-8819-30BA2DBFBFF9}.Debug|x86.Build.0 = Debug|x86
		{6A9E5289-D49B-49C9-8819-30BA2DBFBFF9}.Debug|x86.Deploy.0 = Debug|x86
		{6A9E5289-D49B-49C9-8819-30BA2DBFBFF9}.Release|Any CPU.ActiveCfg = Release|x86
		{6A9E5289-D49B-49C9-8819-30BA2DBFBFF9}.Release|ARM.ActiveCfg = Release|ARM
		{6A9E5289-D49B-49C9-8819-30BA2DBFBFF9}.Release|ARM.Build.0 = Release|ARM
		{6A9E5289-D49B-49C9-8819-30BA2DBFBFF9}.Release|ARM.Deploy.0 = Release|ARM
		{6A9E5289-D49B-49C9-8819-30BA2DBFBFF9}.Release|iPhone.ActiveCfg = Release|x86
		{6A9E5289-D49B-49C9-8819-30BA2DBFBFF9}.Release|iPhoneSimulator.ActiveCfg = Release|x86
		{6A9E5289-D49B-49C9-8819-30BA2DBFBFF9}.Release|x64.ActiveCfg = Release|x64
		{6A9E5289-D49B-49C9-8819-30BA2DBFBFF9}.Release|x64.Build.0 = Release|x64
		{6A9E5289-D49B-49C9-8819-30BA2DBFBFF9}.Release|x64.Deploy.0 = Release|x64
		{6A9E5289-D49B-49C9-8819-30BA2DBFBFF9}.Release|x86.ActiveCfg = Release|x86
		{6A9E5289-D49B-49C9-8819-30BA2DBFBFF9}.Release|x86.Build.0 = Release|x86
		{6A9E5289-D49B-49C9-8819-30BA2DBFBFF9}.Release|x86.Deploy.0 = Release|x86
		{498CD07C-4EA1-4F47-822C-68483D15A208}.Ad-Hoc|Any CPU.ActiveCfg = Ad-Hoc|iPhone
		{498CD07C-4EA1-4F47-822C-68483D15A208}.Ad-Hoc|ARM.ActiveCfg = Ad-Hoc|iPhone
		{498CD07C-4EA1-4F47-822C-68483D15A208}.Ad-Hoc|iPhone.ActiveCfg = Ad-Hoc|iPhone
		{498CD07C-4EA1-4F47-822C-68483D15A208}.Ad-Hoc|iPhone.Build.0 = Ad-Hoc|iPhone
		{498CD07C-4EA1-4F47-822C-68483D15A208}.Ad-Hoc|iPhoneSimulator.ActiveCfg = Ad-Hoc|iPhoneSimulator
		{498CD07C-4EA1-4F47-822C-68483D15A208}.Ad-Hoc|iPhoneSimulator.Build.0 = Ad-Hoc|iPhoneSimulator
		{498CD07C-4EA1-4F47-822C-68483D15A208}.Ad-Hoc|x64.ActiveCfg = Ad-Hoc|iPhone
		{498CD07C-4EA1-4F47-822C-68483D15A208}.Ad-Hoc|x86.ActiveCfg = Ad-Hoc|iPhone
		{498CD07C-4EA1-4F47-822C-68483D15A208}.AppStore|Any CPU.ActiveCfg = AppStore|iPhone
		{498CD07C-4EA1-4F47-822C-68483D15A208}.AppStore|ARM.ActiveCfg = AppStore|iPhone
		{498CD07C-4EA1-4F47-822C-68483D15A208}.AppStore|iPhone.ActiveCfg = AppStore|iPhone
		{498CD07C-4EA1-4F47-822C-68483D15A208}.AppStore|iPhone.Build.0 = AppStore|iPhone
		{498CD07C-4EA1-4F47-822C-68483D15A208}.AppStore|iPhoneSimulator.ActiveCfg = AppStore|iPhoneSimulator
		{498CD07C-4EA1-4F47-822C-68483D15A208}.AppStore|iPhoneSimulator.Build.0 = AppStore|iPhoneSimulator
		{498CD07C-4EA1-4F47-822C-68483D15A208}.AppStore|x64.ActiveCfg = AppStore|iPhone
		{498CD07C-4EA1-4F47-822C-68483D15A208}.AppStore|x86.ActiveCfg = AppStore|iPhone
		{498CD07C-4EA1-4F47-822C-68483D15A208}.Debug|Any CPU.ActiveCfg = Debug|iPhone
		{498CD07C-4EA1-4F47-822C-68483D15A208}.Debug|ARM.ActiveCfg = Debug|iPhone
		{498CD07C-4EA1-4F47-822C-68483D15A208}.Debug|iPhone.ActiveCfg = Debug|iPhone
		{498CD07C-4EA1-4F47-822C-68483D15A208}.Debug|iPhone.Build.0 = Debug|iPhone
		{498CD07C-4EA1-4F47-822C-68483D15A208}.Debug|iPhoneSimulator.ActiveCfg = Debug|iPhoneSimulator
		{498CD07C-4EA1-4F47-822C-68483D15A208}.Debug|iPhoneSimulator.Build.0 = Debug|iPhoneSimulator
		{498CD07C-4EA1-4F47-822C-68483D15A208}.Debug|x64.ActiveCfg = Debug|iPhone
		{498CD07C-4EA1-4F47-822C-68483D15A208}.Debug|x86.ActiveCfg = Debug|iPhone
		{498CD07C-4EA1-4F47-822C-68483D15A208}.Release|Any CPU.ActiveCfg = Release|iPhone
		{498CD07C-4EA1-4F47-822C-68483D15A208}.Release|ARM.ActiveCfg = Release|iPhone
		{498CD07C-4EA1-4F47-822C-68483D15A208}.Release|iPhone.ActiveCfg = Release|iPhone
		{498CD07C-4EA1-4F47-822C-68483D15A208}.Release|iPhone.Build.0 = Release|iPhone
		{498CD07C-4EA1-4F47-822C-68483D15A208}.Release|iPhoneSimulator.ActiveCfg = Release|iPhoneSimulator
		{498CD07C-4EA1-4F47-822C-68483D15A208}.Release|iPhoneSimulator.Build.0 = Release|iPhoneSimulator
		{498CD07C-4EA1-4F47-822C-68483D15A208}.Release|x64.ActiveCfg = Release|iPhone
		{498CD07C-4EA1-4F47-822C-68483D15A208}.Release|x86.ActiveCfg = Release|iPhone
	EndGlobalSection
	GlobalSection(SolutionProperties) = preSolution
		HideSolutionNode = FALSE
	EndGlobalSection
	GlobalSection(ExtensibilityGlobals) = postSolution
		SolutionGuid = {B52D4957-892B-4A51-B326-7F2CF37386E0}
	EndGlobalSection
EndGlobal
